// !$*UTF8*$!
{
	archiveVersion = 1;
	classes = {
	};
	objectVersion = 50;
	objects = {

/* Begin PBXBuildFile section */
		79612592261F2D7F00F8EA47 /* Tobem_IpsumApp.swift in Sources */ = {isa = PBXBuildFile; fileRef = 79612591261F2D7F00F8EA47 /* Tobem_IpsumApp.swift */; };
		79612594261F2D7F00F8EA47 /* ContentView.swift in Sources */ = {isa = PBXBuildFile; fileRef = 79612593261F2D7F00F8EA47 /* ContentView.swift */; };
		79612596261F2D8500F8EA47 /* Assets.xcassets in Resources */ = {isa = PBXBuildFile; fileRef = 79612595261F2D8500F8EA47 /* Assets.xcassets */; };
		79612599261F2D8500F8EA47 /* Preview Assets.xcassets in Resources */ = {isa = PBXBuildFile; fileRef = 79612598261F2D8500F8EA47 /* Preview Assets.xcassets */; };
		796125A5261F2D8500F8EA47 /* Tobem_IpsumTests.swift in Sources */ = {isa = PBXBuildFile; fileRef = 796125A4261F2D8500F8EA47 /* Tobem_IpsumTests.swift */; };
		796125B0261F2D8500F8EA47 /* Tobem_IpsumUITests.swift in Sources */ = {isa = PBXBuildFile; fileRef = 796125AF261F2D8500F8EA47 /* Tobem_IpsumUITests.swift */; };
		796125C5261F2D8C00F8EA47 /* StringGenerator.swift in Sources */ = {isa = PBXBuildFile; fileRef = 796125C1261F2D8C00F8EA47 /* StringGenerator.swift */; };
		796125C6261F2D8C00F8EA47 /* OutputView.swift in Sources */ = {isa = PBXBuildFile; fileRef = 796125C3261F2D8C00F8EA47 /* OutputView.swift */; };
		796125C7261F2D8C00F8EA47 /* InputView.swift in Sources */ = {isa = PBXBuildFile; fileRef = 796125C4261F2D8C00F8EA47 /* InputView.swift */; };
		796125CF261F2DE400F8EA47 /* AppDelegate.swift in Sources */ = {isa = PBXBuildFile; fileRef = 796125CE261F2DE400F8EA47 /* AppDelegate.swift */; };
		796125D6261F2E3D00F8EA47 /* StatusBarController.swift in Sources */ = {isa = PBXBuildFile; fileRef = 796125D4261F2E3D00F8EA47 /* StatusBarController.swift */; };
		796125D7261F2E3D00F8EA47 /* EventMonitor.swift in Sources */ = {isa = PBXBuildFile; fileRef = 796125D5261F2E3D00F8EA47 /* EventMonitor.swift */; };
		796125DD261F312200F8EA47 /* MainViewController.swift in Sources */ = {isa = PBXBuildFile; fileRef = 796125DC261F312200F8EA47 /* MainViewController.swift */; };
/* End PBXBuildFile section */

/* Begin PBXContainerItemProxy section */
		796125A1261F2D8500F8EA47 /* PBXContainerItemProxy */ = {
			isa = PBXContainerItemProxy;
			containerPortal = 79612586261F2D7F00F8EA47 /* Project object */;
			proxyType = 1;
			remoteGlobalIDString = 7961258D261F2D7F00F8EA47;
			remoteInfo = "Tobem Ipsum";
		};
		796125AC261F2D8500F8EA47 /* PBXContainerItemProxy */ = {
			isa = PBXContainerItemProxy;
			containerPortal = 79612586261F2D7F00F8EA47 /* Project object */;
			proxyType = 1;
			remoteGlobalIDString = 7961258D261F2D7F00F8EA47;
			remoteInfo = "Tobem Ipsum";
		};
/* End PBXContainerItemProxy section */

/* Begin PBXFileReference section */
		7961258E261F2D7F00F8EA47 /* Tobem Ipsum.app */ = {isa = PBXFileReference; explicitFileType = wrapper.application; includeInIndex = 0; path = "Tobem Ipsum.app"; sourceTree = BUILT_PRODUCTS_DIR; };
		79612591261F2D7F00F8EA47 /* Tobem_IpsumApp.swift */ = {isa = PBXFileReference; lastKnownFileType = sourcecode.swift; path = Tobem_IpsumApp.swift; sourceTree = "<group>"; };
		79612593261F2D7F00F8EA47 /* ContentView.swift */ = {isa = PBXFileReference; lastKnownFileType = sourcecode.swift; path = ContentView.swift; sourceTree = "<group>"; };
		79612595261F2D8500F8EA47 /* Assets.xcassets */ = {isa = PBXFileReference; lastKnownFileType = folder.assetcatalog; path = Assets.xcassets; sourceTree = "<group>"; };
		79612598261F2D8500F8EA47 /* Preview Assets.xcassets */ = {isa = PBXFileReference; lastKnownFileType = folder.assetcatalog; path = "Preview Assets.xcassets"; sourceTree = "<group>"; };
		7961259A261F2D8500F8EA47 /* Info.plist */ = {isa = PBXFileReference; lastKnownFileType = text.plist.xml; path = Info.plist; sourceTree = "<group>"; };
		7961259B261F2D8500F8EA47 /* Tobem_Ipsum.entitlements */ = {isa = PBXFileReference; lastKnownFileType = text.plist.entitlements; path = Tobem_Ipsum.entitlements; sourceTree = "<group>"; };
		796125A0261F2D8500F8EA47 /* Tobem IpsumTests.xctest */ = {isa = PBXFileReference; explicitFileType = wrapper.cfbundle; includeInIndex = 0; path = "Tobem IpsumTests.xctest"; sourceTree = BUILT_PRODUCTS_DIR; };
		796125A4261F2D8500F8EA47 /* Tobem_IpsumTests.swift */ = {isa = PBXFileReference; lastKnownFileType = sourcecode.swift; path = Tobem_IpsumTests.swift; sourceTree = "<group>"; };
		796125A6261F2D8500F8EA47 /* Info.plist */ = {isa = PBXFileReference; lastKnownFileType = text.plist.xml; path = Info.plist; sourceTree = "<group>"; };
		796125AB261F2D8500F8EA47 /* Tobem IpsumUITests.xctest */ = {isa = PBXFileReference; explicitFileType = wrapper.cfbundle; includeInIndex = 0; path = "Tobem IpsumUITests.xctest"; sourceTree = BUILT_PRODUCTS_DIR; };
		796125AF261F2D8500F8EA47 /* Tobem_IpsumUITests.swift */ = {isa = PBXFileReference; lastKnownFileType = sourcecode.swift; path = Tobem_IpsumUITests.swift; sourceTree = "<group>"; };
		796125B1261F2D8500F8EA47 /* Info.plist */ = {isa = PBXFileReference; lastKnownFileType = text.plist.xml; path = Info.plist; sourceTree = "<group>"; };
		796125C1261F2D8C00F8EA47 /* StringGenerator.swift */ = {isa = PBXFileReference; fileEncoding = 4; lastKnownFileType = sourcecode.swift; path = StringGenerator.swift; sourceTree = "<group>"; };
		796125C3261F2D8C00F8EA47 /* OutputView.swift */ = {isa = PBXFileReference; fileEncoding = 4; lastKnownFileType = sourcecode.swift; path = OutputView.swift; sourceTree = "<group>"; };
		796125C4261F2D8C00F8EA47 /* InputView.swift */ = {isa = PBXFileReference; fileEncoding = 4; lastKnownFileType = sourcecode.swift; path = InputView.swift; sourceTree = "<group>"; };
		796125CE261F2DE400F8EA47 /* AppDelegate.swift */ = {isa = PBXFileReference; lastKnownFileType = sourcecode.swift; path = AppDelegate.swift; sourceTree = "<group>"; };
		796125D4261F2E3D00F8EA47 /* StatusBarController.swift */ = {isa = PBXFileReference; fileEncoding = 4; lastKnownFileType = sourcecode.swift; path = StatusBarController.swift; sourceTree = "<group>"; };
		796125D5261F2E3D00F8EA47 /* EventMonitor.swift */ = {isa = PBXFileReference; fileEncoding = 4; lastKnownFileType = sourcecode.swift; path = EventMonitor.swift; sourceTree = "<group>"; };
		796125DC261F312200F8EA47 /* MainViewController.swift */ = {isa = PBXFileReference; fileEncoding = 4; lastKnownFileType = sourcecode.swift; path = MainViewController.swift; sourceTree = "<group>"; };
/* End PBXFileReference section */

/* Begin PBXFrameworksBuildPhase section */
		7961258B261F2D7F00F8EA47 /* Frameworks */ = {
			isa = PBXFrameworksBuildPhase;
			buildActionMask = 2147483647;
			files = (
			);
			runOnlyForDeploymentPostprocessing = 0;
		};
		7961259D261F2D8500F8EA47 /* Frameworks */ = {
			isa = PBXFrameworksBuildPhase;
			buildActionMask = 2147483647;
			files = (
			);
			runOnlyForDeploymentPostprocessing = 0;
		};
		796125A8261F2D8500F8EA47 /* Frameworks */ = {
			isa = PBXFrameworksBuildPhase;
			buildActionMask = 2147483647;
			files = (
			);
			runOnlyForDeploymentPostprocessing = 0;
		};
/* End PBXFrameworksBuildPhase section */

/* Begin PBXGroup section */
		79612585261F2D7F00F8EA47 = {
			isa = PBXGroup;
			children = (
				79612590261F2D7F00F8EA47 /* Tobem Ipsum */,
				796125A3261F2D8500F8EA47 /* Tobem IpsumTests */,
				796125AE261F2D8500F8EA47 /* Tobem IpsumUITests */,
				7961258F261F2D7F00F8EA47 /* Products */,
			);
			sourceTree = "<group>";
		};
		7961258F261F2D7F00F8EA47 /* Products */ = {
			isa = PBXGroup;
			children = (
				7961258E261F2D7F00F8EA47 /* Tobem Ipsum.app */,
				796125A0261F2D8500F8EA47 /* Tobem IpsumTests.xctest */,
				796125AB261F2D8500F8EA47 /* Tobem IpsumUITests.xctest */,
			);
			name = Products;
			sourceTree = "<group>";
		};
		79612590261F2D7F00F8EA47 /* Tobem Ipsum */ = {
			isa = PBXGroup;
			children = (
				79612591261F2D7F00F8EA47 /* Tobem_IpsumApp.swift */,
				796125CE261F2DE400F8EA47 /* AppDelegate.swift */,
				7961259A261F2D8500F8EA47 /* Info.plist */,
				7961259B261F2D8500F8EA47 /* Tobem_Ipsum.entitlements */,
				796125C0261F2D8C00F8EA47 /* ViewModel */,
				796125C2261F2D8C00F8EA47 /* Views */,
				796125D3261F2E3D00F8EA47 /* Helpers */,
				79612595261F2D8500F8EA47 /* Assets.xcassets */,
				79612597261F2D8500F8EA47 /* Preview Content */,
			);
			path = "Tobem Ipsum";
			sourceTree = "<group>";
		};
		79612597261F2D8500F8EA47 /* Preview Content */ = {
			isa = PBXGroup;
			children = (
				79612598261F2D8500F8EA47 /* Preview Assets.xcassets */,
			);
			path = "Preview Content";
			sourceTree = "<group>";
		};
		796125A3261F2D8500F8EA47 /* Tobem IpsumTests */ = {
			isa = PBXGroup;
			children = (
				796125A4261F2D8500F8EA47 /* Tobem_IpsumTests.swift */,
				796125A6261F2D8500F8EA47 /* Info.plist */,
			);
			path = "Tobem IpsumTests";
			sourceTree = "<group>";
		};
		796125AE261F2D8500F8EA47 /* Tobem IpsumUITests */ = {
			isa = PBXGroup;
			children = (
				796125AF261F2D8500F8EA47 /* Tobem_IpsumUITests.swift */,
				796125B1261F2D8500F8EA47 /* Info.plist */,
			);
			path = "Tobem IpsumUITests";
			sourceTree = "<group>";
		};
		796125C0261F2D8C00F8EA47 /* ViewModel */ = {
			isa = PBXGroup;
			children = (
				796125C1261F2D8C00F8EA47 /* StringGenerator.swift */,
			);
			path = ViewModel;
			sourceTree = "<group>";
		};
		796125C2261F2D8C00F8EA47 /* Views */ = {
			isa = PBXGroup;
			children = (
				79612593261F2D7F00F8EA47 /* ContentView.swift */,
				796125C3261F2D8C00F8EA47 /* OutputView.swift */,
				796125C4261F2D8C00F8EA47 /* InputView.swift */,
			);
			path = Views;
			sourceTree = "<group>";
		};
		796125D3261F2E3D00F8EA47 /* Helpers */ = {
			isa = PBXGroup;
			children = (
				796125DC261F312200F8EA47 /* MainViewController.swift */,
				796125D4261F2E3D00F8EA47 /* StatusBarController.swift */,
				796125D5261F2E3D00F8EA47 /* EventMonitor.swift */,
			);
			path = Helpers;
			sourceTree = "<group>";
		};
/* End PBXGroup section */

/* Begin PBXNativeTarget section */
		7961258D261F2D7F00F8EA47 /* Tobem Ipsum */ = {
			isa = PBXNativeTarget;
			buildConfigurationList = 796125B4261F2D8500F8EA47 /* Build configuration list for PBXNativeTarget "Tobem Ipsum" */;
			buildPhases = (
				7961258A261F2D7F00F8EA47 /* Sources */,
				7961258B261F2D7F00F8EA47 /* Frameworks */,
				7961258C261F2D7F00F8EA47 /* Resources */,
			);
			buildRules = (
			);
			dependencies = (
			);
			name = "Tobem Ipsum";
			productName = "Tobem Ipsum";
			productReference = 7961258E261F2D7F00F8EA47 /* Tobem Ipsum.app */;
			productType = "com.apple.product-type.application";
		};
		7961259F261F2D8500F8EA47 /* Tobem IpsumTests */ = {
			isa = PBXNativeTarget;
			buildConfigurationList = 796125B7261F2D8500F8EA47 /* Build configuration list for PBXNativeTarget "Tobem IpsumTests" */;
			buildPhases = (
				7961259C261F2D8500F8EA47 /* Sources */,
				7961259D261F2D8500F8EA47 /* Frameworks */,
				7961259E261F2D8500F8EA47 /* Resources */,
			);
			buildRules = (
			);
			dependencies = (
				796125A2261F2D8500F8EA47 /* PBXTargetDependency */,
			);
			name = "Tobem IpsumTests";
			productName = "Tobem IpsumTests";
			productReference = 796125A0261F2D8500F8EA47 /* Tobem IpsumTests.xctest */;
			productType = "com.apple.product-type.bundle.unit-test";
		};
		796125AA261F2D8500F8EA47 /* Tobem IpsumUITests */ = {
			isa = PBXNativeTarget;
			buildConfigurationList = 796125BA261F2D8500F8EA47 /* Build configuration list for PBXNativeTarget "Tobem IpsumUITests" */;
			buildPhases = (
				796125A7261F2D8500F8EA47 /* Sources */,
				796125A8261F2D8500F8EA47 /* Frameworks */,
				796125A9261F2D8500F8EA47 /* Resources */,
			);
			buildRules = (
			);
			dependencies = (
				796125AD261F2D8500F8EA47 /* PBXTargetDependency */,
			);
			name = "Tobem IpsumUITests";
			productName = "Tobem IpsumUITests";
			productReference = 796125AB261F2D8500F8EA47 /* Tobem IpsumUITests.xctest */;
			productType = "com.apple.product-type.bundle.ui-testing";
		};
/* End PBXNativeTarget section */

/* Begin PBXProject section */
		79612586261F2D7F00F8EA47 /* Project object */ = {
			isa = PBXProject;
			attributes = {
				LastSwiftUpdateCheck = 1240;
				LastUpgradeCheck = 1240;
				TargetAttributes = {
					7961258D261F2D7F00F8EA47 = {
						CreatedOnToolsVersion = 12.4;
					};
					7961259F261F2D8500F8EA47 = {
						CreatedOnToolsVersion = 12.4;
						TestTargetID = 7961258D261F2D7F00F8EA47;
					};
					796125AA261F2D8500F8EA47 = {
						CreatedOnToolsVersion = 12.4;
						TestTargetID = 7961258D261F2D7F00F8EA47;
					};
				};
			};
			buildConfigurationList = 79612589261F2D7F00F8EA47 /* Build configuration list for PBXProject "Tobem Ipsum" */;
			compatibilityVersion = "Xcode 9.3";
			developmentRegion = en;
			hasScannedForEncodings = 0;
			knownRegions = (
				en,
				Base,
			);
			mainGroup = 79612585261F2D7F00F8EA47;
			productRefGroup = 7961258F261F2D7F00F8EA47 /* Products */;
			projectDirPath = "";
			projectRoot = "";
			targets = (
				7961258D261F2D7F00F8EA47 /* Tobem Ipsum */,
				7961259F261F2D8500F8EA47 /* Tobem IpsumTests */,
				796125AA261F2D8500F8EA47 /* Tobem IpsumUITests */,
			);
		};
/* End PBXProject section */

/* Begin PBXResourcesBuildPhase section */
		7961258C261F2D7F00F8EA47 /* Resources */ = {
			isa = PBXResourcesBuildPhase;
			buildActionMask = 2147483647;
			files = (
				79612599261F2D8500F8EA47 /* Preview Assets.xcassets in Resources */,
				79612596261F2D8500F8EA47 /* Assets.xcassets in Resources */,
			);
			runOnlyForDeploymentPostprocessing = 0;
		};
		7961259E261F2D8500F8EA47 /* Resources */ = {
			isa = PBXResourcesBuildPhase;
			buildActionMask = 2147483647;
			files = (
			);
			runOnlyForDeploymentPostprocessing = 0;
		};
		796125A9261F2D8500F8EA47 /* Resources */ = {
			isa = PBXResourcesBuildPhase;
			buildActionMask = 2147483647;
			files = (
			);
			runOnlyForDeploymentPostprocessing = 0;
		};
/* End PBXResourcesBuildPhase section */

/* Begin PBXSourcesBuildPhase section */
		7961258A261F2D7F00F8EA47 /* Sources */ = {
			isa = PBXSourcesBuildPhase;
			buildActionMask = 2147483647;
			files = (
				796125CF261F2DE400F8EA47 /* AppDelegate.swift in Sources */,
				796125D6261F2E3D00F8EA47 /* StatusBarController.swift in Sources */,
				79612594261F2D7F00F8EA47 /* ContentView.swift in Sources */,
				796125C5261F2D8C00F8EA47 /* StringGenerator.swift in Sources */,
				796125C7261F2D8C00F8EA47 /* InputView.swift in Sources */,
				79612592261F2D7F00F8EA47 /* Tobem_IpsumApp.swift in Sources */,
				796125DD261F312200F8EA47 /* MainViewController.swift in Sources */,
				796125C6261F2D8C00F8EA47 /* OutputView.swift in Sources */,
				796125D7261F2E3D00F8EA47 /* EventMonitor.swift in Sources */,
			);
			runOnlyForDeploymentPostprocessing = 0;
		};
		7961259C261F2D8500F8EA47 /* Sources */ = {
			isa = PBXSourcesBuildPhase;
			buildActionMask = 2147483647;
			files = (
				796125A5261F2D8500F8EA47 /* Tobem_IpsumTests.swift in Sources */,
			);
			runOnlyForDeploymentPostprocessing = 0;
		};
		796125A7261F2D8500F8EA47 /* Sources */ = {
			isa = PBXSourcesBuildPhase;
			buildActionMask = 2147483647;
			files = (
				796125B0261F2D8500F8EA47 /* Tobem_IpsumUITests.swift in Sources */,
			);
			runOnlyForDeploymentPostprocessing = 0;
		};
/* End PBXSourcesBuildPhase section */

/* Begin PBXTargetDependency section */
		796125A2261F2D8500F8EA47 /* PBXTargetDependency */ = {
			isa = PBXTargetDependency;
			target = 7961258D261F2D7F00F8EA47 /* Tobem Ipsum */;
			targetProxy = 796125A1261F2D8500F8EA47 /* PBXContainerItemProxy */;
		};
		796125AD261F2D8500F8EA47 /* PBXTargetDependency */ = {
			isa = PBXTargetDependency;
			target = 7961258D261F2D7F00F8EA47 /* Tobem Ipsum */;
			targetProxy = 796125AC261F2D8500F8EA47 /* PBXContainerItemProxy */;
		};
/* End PBXTargetDependency section */

/* Begin XCBuildConfiguration section */
		796125B2261F2D8500F8EA47 /* Debug */ = {
			isa = XCBuildConfiguration;
			buildSettings = {
				ALWAYS_SEARCH_USER_PATHS = NO;
				CLANG_ANALYZER_NONNULL = YES;
				CLANG_ANALYZER_NUMBER_OBJECT_CONVERSION = YES_AGGRESSIVE;
				CLANG_CXX_LANGUAGE_STANDARD = "gnu++14";
				CLANG_CXX_LIBRARY = "libc++";
				CLANG_ENABLE_MODULES = YES;
				CLANG_ENABLE_OBJC_ARC = YES;
				CLANG_ENABLE_OBJC_WEAK = YES;
				CLANG_WARN_BLOCK_CAPTURE_AUTORELEASING = YES;
				CLANG_WARN_BOOL_CONVERSION = YES;
				CLANG_WARN_COMMA = YES;
				CLANG_WARN_CONSTANT_CONVERSION = YES;
				CLANG_WARN_DEPRECATED_OBJC_IMPLEMENTATIONS = YES;
				CLANG_WARN_DIRECT_OBJC_ISA_USAGE = YES_ERROR;
				CLANG_WARN_DOCUMENTATION_COMMENTS = YES;
				CLANG_WARN_EMPTY_BODY = YES;
				CLANG_WARN_ENUM_CONVERSION = YES;
				CLANG_WARN_INFINITE_RECURSION = YES;
				CLANG_WARN_INT_CONVERSION = YES;
				CLANG_WARN_NON_LITERAL_NULL_CONVERSION = YES;
				CLANG_WARN_OBJC_IMPLICIT_RETAIN_SELF = YES;
				CLANG_WARN_OBJC_LITERAL_CONVERSION = YES;
				CLANG_WARN_OBJC_ROOT_CLASS = YES_ERROR;
				CLANG_WARN_QUOTED_INCLUDE_IN_FRAMEWORK_HEADER = YES;
				CLANG_WARN_RANGE_LOOP_ANALYSIS = YES;
				CLANG_WARN_STRICT_PROTOTYPES = YES;
				CLANG_WARN_SUSPICIOUS_MOVE = YES;
				CLANG_WARN_UNGUARDED_AVAILABILITY = YES_AGGRESSIVE;
				CLANG_WARN_UNREACHABLE_CODE = YES;
				CLANG_WARN__DUPLICATE_METHOD_MATCH = YES;
				COPY_PHASE_STRIP = NO;
				DEBUG_INFORMATION_FORMAT = dwarf;
				ENABLE_STRICT_OBJC_MSGSEND = YES;
				ENABLE_TESTABILITY = YES;
				GCC_C_LANGUAGE_STANDARD = gnu11;
				GCC_DYNAMIC_NO_PIC = NO;
				GCC_NO_COMMON_BLOCKS = YES;
				GCC_OPTIMIZATION_LEVEL = 0;
				GCC_PREPROCESSOR_DEFINITIONS = (
					"DEBUG=1",
					"$(inherited)",
				);
				GCC_WARN_64_TO_32_BIT_CONVERSION = YES;
				GCC_WARN_ABOUT_RETURN_TYPE = YES_ERROR;
				GCC_WARN_UNDECLARED_SELECTOR = YES;
				GCC_WARN_UNINITIALIZED_AUTOS = YES_AGGRESSIVE;
				GCC_WARN_UNUSED_FUNCTION = YES;
				GCC_WARN_UNUSED_VARIABLE = YES;
				MACOSX_DEPLOYMENT_TARGET = 11.1;
				MTL_ENABLE_DEBUG_INFO = INCLUDE_SOURCE;
				MTL_FAST_MATH = YES;
				ONLY_ACTIVE_ARCH = YES;
				SDKROOT = macosx;
				SWIFT_ACTIVE_COMPILATION_CONDITIONS = DEBUG;
				SWIFT_OPTIMIZATION_LEVEL = "-Onone";
			};
			name = Debug;
		};
		796125B3261F2D8500F8EA47 /* Release */ = {
			isa = XCBuildConfiguration;
			buildSettings = {
				ALWAYS_SEARCH_USER_PATHS = NO;
				CLANG_ANALYZER_NONNULL = YES;
				CLANG_ANALYZER_NUMBER_OBJECT_CONVERSION = YES_AGGRESSIVE;
				CLANG_CXX_LANGUAGE_STANDARD = "gnu++14";
				CLANG_CXX_LIBRARY = "libc++";
				CLANG_ENABLE_MODULES = YES;
				CLANG_ENABLE_OBJC_ARC = YES;
				CLANG_ENABLE_OBJC_WEAK = YES;
				CLANG_WARN_BLOCK_CAPTURE_AUTORELEASING = YES;
				CLANG_WARN_BOOL_CONVERSION = YES;
				CLANG_WARN_COMMA = YES;
				CLANG_WARN_CONSTANT_CONVERSION = YES;
				CLANG_WARN_DEPRECATED_OBJC_IMPLEMENTATIONS = YES;
				CLANG_WARN_DIRECT_OBJC_ISA_USAGE = YES_ERROR;
				CLANG_WARN_DOCUMENTATION_COMMENTS = YES;
				CLANG_WARN_EMPTY_BODY = YES;
				CLANG_WARN_ENUM_CONVERSION = YES;
				CLANG_WARN_INFINITE_RECURSION = YES;
				CLANG_WARN_INT_CONVERSION = YES;
				CLANG_WARN_NON_LITERAL_NULL_CONVERSION = YES;
				CLANG_WARN_OBJC_IMPLICIT_RETAIN_SELF = YES;
				CLANG_WARN_OBJC_LITERAL_CONVERSION = YES;
				CLANG_WARN_OBJC_ROOT_CLASS = YES_ERROR;
				CLANG_WARN_QUOTED_INCLUDE_IN_FRAMEWORK_HEADER = YES;
				CLANG_WARN_RANGE_LOOP_ANALYSIS = YES;
				CLANG_WARN_STRICT_PROTOTYPES = YES;
				CLANG_WARN_SUSPICIOUS_MOVE = YES;
				CLANG_WARN_UNGUARDED_AVAILABILITY = YES_AGGRESSIVE;
				CLANG_WARN_UNREACHABLE_CODE = YES;
				CLANG_WARN__DUPLICATE_METHOD_MATCH = YES;
				COPY_PHASE_STRIP = NO;
				DEBUG_INFORMATION_FORMAT = "dwarf-with-dsym";
				ENABLE_NS_ASSERTIONS = NO;
				ENABLE_STRICT_OBJC_MSGSEND = YES;
				GCC_C_LANGUAGE_STANDARD = gnu11;
				GCC_NO_COMMON_BLOCKS = YES;
				GCC_WARN_64_TO_32_BIT_CONVERSION = YES;
				GCC_WARN_ABOUT_RETURN_TYPE = YES_ERROR;
				GCC_WARN_UNDECLARED_SELECTOR = YES;
				GCC_WARN_UNINITIALIZED_AUTOS = YES_AGGRESSIVE;
				GCC_WARN_UNUSED_FUNCTION = YES;
				GCC_WARN_UNUSED_VARIABLE = YES;
				MACOSX_DEPLOYMENT_TARGET = 11.1;
				MTL_ENABLE_DEBUG_INFO = NO;
				MTL_FAST_MATH = YES;
				SDKROOT = macosx;
				SWIFT_COMPILATION_MODE = wholemodule;
				SWIFT_OPTIMIZATION_LEVEL = "-O";
			};
			name = Release;
		};
		796125B5261F2D8500F8EA47 /* Debug */ = {
			isa = XCBuildConfiguration;
			buildSettings = {
				ASSETCATALOG_COMPILER_APPICON_NAME = AppIcon;
				ASSETCATALOG_COMPILER_GLOBAL_ACCENT_COLOR_NAME = AccentColor;
				CODE_SIGN_ENTITLEMENTS = "Tobem Ipsum/Tobem_Ipsum.entitlements";
				CODE_SIGN_STYLE = Automatic;
				COMBINE_HIDPI_IMAGES = YES;
				DEVELOPMENT_ASSET_PATHS = "\"Tobem Ipsum/Preview Content\"";
				DEVELOPMENT_TEAM = L2BC5TCSR5;
				ENABLE_HARDENED_RUNTIME = YES;
				ENABLE_PREVIEWS = YES;
				INFOPLIST_FILE = "Tobem Ipsum/Info.plist";
				LD_RUNPATH_SEARCH_PATHS = (
					"$(inherited)",
					"@executable_path/../Frameworks",
				);
				MACOSX_DEPLOYMENT_TARGET = 11.0;
				PRODUCT_BUNDLE_IDENTIFIER = "com.garageminfinita.Tobem-Ipsum";
				PRODUCT_NAME = "$(TARGET_NAME)";
				SWIFT_VERSION = 5.0;
			};
			name = Debug;
		};
		796125B6261F2D8500F8EA47 /* Release */ = {
			isa = XCBuildConfiguration;
			buildSettings = {
				ASSETCATALOG_COMPILER_APPICON_NAME = AppIcon;
				ASSETCATALOG_COMPILER_GLOBAL_ACCENT_COLOR_NAME = AccentColor;
				CODE_SIGN_ENTITLEMENTS = "Tobem Ipsum/Tobem_Ipsum.entitlements";
				CODE_SIGN_STYLE = Automatic;
				COMBINE_HIDPI_IMAGES = YES;
				DEVELOPMENT_ASSET_PATHS = "\"Tobem Ipsum/Preview Content\"";
				DEVELOPMENT_TEAM = L2BC5TCSR5;
				ENABLE_HARDENED_RUNTIME = YES;
				ENABLE_PREVIEWS = YES;
				INFOPLIST_FILE = "Tobem Ipsum/Info.plist";
				LD_RUNPATH_SEARCH_PATHS = (
					"$(inherited)",
					"@executable_path/../Frameworks",
				);
				MACOSX_DEPLOYMENT_TARGET = 11.0;
				PRODUCT_BUNDLE_IDENTIFIER = "com.garageminfinita.Tobem-Ipsum";
				PRODUCT_NAME = "$(TARGET_NAME)";
				SWIFT_VERSION = 5.0;
			};
			name = Release;
		};
		796125B8261F2D8500F8EA47 /* Debug */ = {
			isa = XCBuildConfiguration;
			buildSettings = {
				ALWAYS_EMBED_SWIFT_STANDARD_LIBRARIES = YES;
				BUNDLE_LOADER = "$(TEST_HOST)";
				CODE_SIGN_STYLE = Automatic;
				COMBINE_HIDPI_IMAGES = YES;
				DEVELOPMENT_TEAM = L2BC5TCSR5;
				INFOPLIST_FILE = "Tobem IpsumTests/Info.plist";
				LD_RUNPATH_SEARCH_PATHS = (
					"$(inherited)",
					"@executable_path/../Frameworks",
					"@loader_path/../Frameworks",
				);
				MACOSX_DEPLOYMENT_TARGET = 11.0;
				PRODUCT_BUNDLE_IDENTIFIER = "com.garageminfinita.Tobem-IpsumTests";
				PRODUCT_NAME = "$(TARGET_NAME)";
				SWIFT_VERSION = 5.0;
				TEST_HOST = "$(BUILT_PRODUCTS_DIR)/Tobem Ipsum.app/Contents/MacOS/Tobem Ipsum";
			};
			name = Debug;
		};
		796125B9261F2D8500F8EA47 /* Release */ = {
			isa = XCBuildConfiguration;
			buildSettings = {
				ALWAYS_EMBED_SWIFT_STANDARD_LIBRARIES = YES;
				BUNDLE_LOADER = "$(TEST_HOST)";
				CODE_SIGN_STYLE = Automatic;
				COMBINE_HIDPI_IMAGES = YES;
				DEVELOPMENT_TEAM = L2BC5TCSR5;
				INFOPLIST_FILE = "Tobem IpsumTests/Info.plist";
				LD_RUNPATH_SEARCH_PATHS = (
					"$(inherited)",
					"@executable_path/../Frameworks",
					"@loader_path/../Frameworks",
				);
				MACOSX_DEPLOYMENT_TARGET = 11.0;
				PRODUCT_BUNDLE_IDENTIFIER = "com.garageminfinita.Tobem-IpsumTests";
				PRODUCT_NAME = "$(TARGET_NAME)";
				SWIFT_VERSION = 5.0;
				TEST_HOST = "$(BUILT_PRODUCTS_DIR)/Tobem Ipsum.app/Contents/MacOS/Tobem Ipsum";
			};
			name = Release;
		};
		796125BB261F2D8500F8EA47 /* Debug */ = {
			isa = XCBuildConfiguration;
			buildSettings = {
				ALWAYS_EMBED_SWIFT_STANDARD_LIBRARIES = YES;
				CODE_SIGN_STYLE = Automatic;
				COMBINE_HIDPI_IMAGES = YES;
				DEVELOPMENT_TEAM = L2BC5TCSR5;
				INFOPLIST_FILE = "Tobem IpsumUITests/Info.plist";
				LD_RUNPATH_SEARCH_PATHS = (
					"$(inherited)",
					"@executable_path/../Frameworks",
					"@loader_path/../Frameworks",
				);
				PRODUCT_BUNDLE_IDENTIFIER = "com.garageminfinita.Tobem-IpsumUITests";
				PRODUCT_NAME = "$(TARGET_NAME)";
				SWIFT_VERSION = 5.0;
				TEST_TARGET_NAME = "Tobem Ipsum";
			};
			name = Debug;
		};
		796125BC261F2D8500F8EA47 /* Release */ = {
			isa = XCBuildConfiguration;
			buildSettings = {
				ALWAYS_EMBED_SWIFT_STANDARD_LIBRARIES = YES;
				CODE_SIGN_STYLE = Automatic;
				COMBINE_HIDPI_IMAGES = YES;
				DEVELOPMENT_TEAM = L2BC5TCSR5;
				INFOPLIST_FILE = "Tobem IpsumUITests/Info.plist";
				LD_RUNPATH_SEARCH_PATHS = (
					"$(inherited)",
					"@executable_path/../Frameworks",
					"@loader_path/../Frameworks",
				);
				PRODUCT_BUNDLE_IDENTIFIER = "com.garageminfinita.Tobem-IpsumUITests";
				PRODUCT_NAME = "$(TARGET_NAME)";
				SWIFT_VERSION = 5.0;
				TEST_TARGET_NAME = "Tobem Ipsum";
			};
			name = Release;
		};
/* End XCBuildConfiguration section */

/* Begin XCConfigurationList section */
		79612589261F2D7F00F8EA47 /* Build configuration list for PBXProject "Tobem Ipsum" */ = {
			isa = XCConfigurationList;
			buildConfigurations = (
				796125B2261F2D8500F8EA47 /* Debug */,
				796125B3261F2D8500F8EA47 /* Release */,
			);
			defaultConfigurationIsVisible = 0;
			defaultConfigurationName = Release;
		};
		796125B4261F2D8500F8EA47 /* Build configuration list for PBXNativeTarget "Tobem Ipsum" */ = {
			isa = XCConfigurationList;
			buildConfigurations = (
				796125B5261F2D8500F8EA47 /* Debug */,
				796125B6261F2D8500F8EA47 /* Release */,
			);
			defaultConfigurationIsVisible = 0;
			defaultConfigurationName = Release;
		};
		796125B7261F2D8500F8EA47 /* Build configuration list for PBXNativeTarget "Tobem IpsumTests" */ = {
			isa = XCConfigurationList;
			buildConfigurations = (
				796125B8261F2D8500F8EA47 /* Debug */,
				796125B9261F2D8500F8EA47 /* Release */,
			);
			defaultConfigurationIsVisible = 0;
			defaultConfigurationName = Release;
		};
		796125BA261F2D8500F8EA47 /* Build configuration list for PBXNativeTarget "Tobem IpsumUITests" */ = {
			isa = XCConfigurationList;
			buildConfigurations = (
				796125BB261F2D8500F8EA47 /* Debug */,
				796125BC261F2D8500F8EA47 /* Release */,
			);
			defaultConfigurationIsVisible = 0;
			defaultConfigurationName = Release;
		};
/* End XCConfigurationList section */
	};
	rootObject = 79612586261F2D7F00F8EA47 /* Project object */;
}
