// !$*UTF8*$!
{
	archiveVersion = 1;
	classes = {
	};
	objectVersion = 56;
	objects = {

/* Begin PBXBuildFile section */
		793747A1298D3F6E005C7280 /* TobemIpsumApp.swift in Sources */ = {isa = PBXBuildFile; fileRef = 793747A0298D3F6E005C7280 /* TobemIpsumApp.swift */; };
		793747A8298D3F6F005C7280 /* Preview Assets.xcassets in Resources */ = {isa = PBXBuildFile; fileRef = 793747A7298D3F6F005C7280 /* Preview Assets.xcassets */; };
		793747BB298D3FDE005C7280 /* Assets.xcassets in Resources */ = {isa = PBXBuildFile; fileRef = 793747AF298D3FDE005C7280 /* Assets.xcassets */; };
		793747BC298D3FDE005C7280 /* StringGenerator.swift in Sources */ = {isa = PBXBuildFile; fileRef = 793747B1298D3FDE005C7280 /* StringGenerator.swift */; };
		793747BD298D3FDE005C7280 /* OutputView.swift in Sources */ = {isa = PBXBuildFile; fileRef = 793747B3298D3FDE005C7280 /* OutputView.swift */; };
		793747BE298D3FDE005C7280 /* MainViewSwitcher.swift in Sources */ = {isa = PBXBuildFile; fileRef = 793747B4298D3FDE005C7280 /* MainViewSwitcher.swift */; };
		793747BF298D3FDE005C7280 /* DictionaryPicker.swift in Sources */ = {isa = PBXBuildFile; fileRef = 793747B5298D3FDE005C7280 /* DictionaryPicker.swift */; };
		793747C0298D3FDE005C7280 /* InputView.swift in Sources */ = {isa = PBXBuildFile; fileRef = 793747B6298D3FDE005C7280 /* InputView.swift */; };
		793747C1298D3FDE005C7280 /* Vocabulary.swift in Sources */ = {isa = PBXBuildFile; fileRef = 793747B8298D3FDE005C7280 /* Vocabulary.swift */; };
		793747C2298D3FDE005C7280 /* EnumPicker.swift in Sources */ = {isa = PBXBuildFile; fileRef = 793747BA298D3FDE005C7280 /* EnumPicker.swift */; };
/* End PBXBuildFile section */

/* Begin PBXFileReference section */
		7937479D298D3F6E005C7280 /* TobemIpsum.app */ = {isa = PBXFileReference; explicitFileType = wrapper.application; includeInIndex = 0; path = TobemIpsum.app; sourceTree = BUILT_PRODUCTS_DIR; };
		793747A0298D3F6E005C7280 /* TobemIpsumApp.swift */ = {isa = PBXFileReference; lastKnownFileType = sourcecode.swift; path = TobemIpsumApp.swift; sourceTree = "<group>"; };
		793747A7298D3F6F005C7280 /* Preview Assets.xcassets */ = {isa = PBXFileReference; lastKnownFileType = folder.assetcatalog; path = "Preview Assets.xcassets"; sourceTree = "<group>"; };
		793747A9298D3F6F005C7280 /* TobemIpsum.entitlements */ = {isa = PBXFileReference; lastKnownFileType = text.plist.entitlements; path = TobemIpsum.entitlements; sourceTree = "<group>"; };
		793747AF298D3FDE005C7280 /* Assets.xcassets */ = {isa = PBXFileReference; lastKnownFileType = folder.assetcatalog; name = Assets.xcassets; path = "../../Nova Pasta Com Itens/Assets.xcassets"; sourceTree = "<group>"; };
		793747B1298D3FDE005C7280 /* StringGenerator.swift */ = {isa = PBXFileReference; fileEncoding = 4; lastKnownFileType = sourcecode.swift; path = StringGenerator.swift; sourceTree = "<group>"; };
		793747B3298D3FDE005C7280 /* OutputView.swift */ = {isa = PBXFileReference; fileEncoding = 4; lastKnownFileType = sourcecode.swift; path = OutputView.swift; sourceTree = "<group>"; };
		793747B4298D3FDE005C7280 /* MainViewSwitcher.swift */ = {isa = PBXFileReference; fileEncoding = 4; lastKnownFileType = sourcecode.swift; path = MainViewSwitcher.swift; sourceTree = "<group>"; };
		793747B5298D3FDE005C7280 /* DictionaryPicker.swift */ = {isa = PBXFileReference; fileEncoding = 4; lastKnownFileType = sourcecode.swift; path = DictionaryPicker.swift; sourceTree = "<group>"; };
		793747B6298D3FDE005C7280 /* InputView.swift */ = {isa = PBXFileReference; fileEncoding = 4; lastKnownFileType = sourcecode.swift; path = InputView.swift; sourceTree = "<group>"; };
		793747B8298D3FDE005C7280 /* Vocabulary.swift */ = {isa = PBXFileReference; fileEncoding = 4; lastKnownFileType = sourcecode.swift; path = Vocabulary.swift; sourceTree = "<group>"; };
		793747BA298D3FDE005C7280 /* EnumPicker.swift */ = {isa = PBXFileReference; fileEncoding = 4; lastKnownFileType = sourcecode.swift; path = EnumPicker.swift; sourceTree = "<group>"; };
/* End PBXFileReference section */

/* Begin PBXFrameworksBuildPhase section */
		7937479A298D3F6E005C7280 /* Frameworks */ = {
			isa = PBXFrameworksBuildPhase;
			buildActionMask = 2147483647;
			files = (
			);
			runOnlyForDeploymentPostprocessing = 0;
		};
/* End PBXFrameworksBuildPhase section */

/* Begin PBXGroup section */
		79374794298D3F6E005C7280 = {
			isa = PBXGroup;
			children = (
				7937479F298D3F6E005C7280 /* TobemIpsum */,
				7937479E298D3F6E005C7280 /* Products */,
			);
			sourceTree = "<group>";
		};
		7937479E298D3F6E005C7280 /* Products */ = {
			isa = PBXGroup;
			children = (
				7937479D298D3F6E005C7280 /* TobemIpsum.app */,
			);
			name = Products;
			sourceTree = "<group>";
		};
		7937479F298D3F6E005C7280 /* TobemIpsum */ = {
			isa = PBXGroup;
			children = (
				793747A0298D3F6E005C7280 /* TobemIpsumApp.swift */,
				793747B2298D3FDE005C7280 /* Views */,
				793747AF298D3FDE005C7280 /* Assets.xcassets */,
				793747B9298D3FDE005C7280 /* Helpers */,
				793747B7298D3FDE005C7280 /* Model */,
				793747B0298D3FDE005C7280 /* ViewModel */,
				793747A9298D3F6F005C7280 /* TobemIpsum.entitlements */,
				793747A6298D3F6F005C7280 /* Preview Content */,
			);
			path = TobemIpsum;
			sourceTree = "<group>";
		};
		793747A6298D3F6F005C7280 /* Preview Content */ = {
			isa = PBXGroup;
			children = (
				793747A7298D3F6F005C7280 /* Preview Assets.xcassets */,
			);
			path = "Preview Content";
			sourceTree = "<group>";
		};
		793747B0298D3FDE005C7280 /* ViewModel */ = {
			isa = PBXGroup;
			children = (
				793747B1298D3FDE005C7280 /* StringGenerator.swift */,
			);
			path = ViewModel;
			sourceTree = "<group>";
		};
		793747B2298D3FDE005C7280 /* Views */ = {
			isa = PBXGroup;
			children = (
				793747B3298D3FDE005C7280 /* OutputView.swift */,
				793747B4298D3FDE005C7280 /* MainViewSwitcher.swift */,
				793747B5298D3FDE005C7280 /* DictionaryPicker.swift */,
				793747B6298D3FDE005C7280 /* InputView.swift */,
			);
			path = Views;
			sourceTree = "<group>";
		};
		793747B7298D3FDE005C7280 /* Model */ = {
			isa = PBXGroup;
			children = (
				793747B8298D3FDE005C7280 /* Vocabulary.swift */,
			);
			path = Model;
			sourceTree = "<group>";
		};
		793747B9298D3FDE005C7280 /* Helpers */ = {
			isa = PBXGroup;
			children = (
				793747BA298D3FDE005C7280 /* EnumPicker.swift */,
			);
			path = Helpers;
			sourceTree = "<group>";
		};
/* End PBXGroup section */

/* Begin PBXNativeTarget section */
		7937479C298D3F6E005C7280 /* TobemIpsum */ = {
			isa = PBXNativeTarget;
			buildConfigurationList = 793747AC298D3F6F005C7280 /* Build configuration list for PBXNativeTarget "TobemIpsum" */;
			buildPhases = (
				79374799298D3F6E005C7280 /* Sources */,
				7937479A298D3F6E005C7280 /* Frameworks */,
				7937479B298D3F6E005C7280 /* Resources */,
			);
			buildRules = (
			);
			dependencies = (
			);
			name = TobemIpsum;
			productName = TobemIpsum;
			productReference = 7937479D298D3F6E005C7280 /* TobemIpsum.app */;
			productType = "com.apple.product-type.application";
		};
/* End PBXNativeTarget section */

/* Begin PBXProject section */
		79374795298D3F6E005C7280 /* Project object */ = {
			isa = PBXProject;
			attributes = {
				BuildIndependentTargetsInParallel = 1;
				LastSwiftUpdateCheck = 1420;
				LastUpgradeCheck = 1420;
				TargetAttributes = {
					7937479C298D3F6E005C7280 = {
						CreatedOnToolsVersion = 14.2;
					};
				};
			};
			buildConfigurationList = 79374798298D3F6E005C7280 /* Build configuration list for PBXProject "TobemIpsum" */;
			compatibilityVersion = "Xcode 14.0";
			developmentRegion = en;
			hasScannedForEncodings = 0;
			knownRegions = (
				en,
				Base,
			);
			mainGroup = 79374794298D3F6E005C7280;
			productRefGroup = 7937479E298D3F6E005C7280 /* Products */;
			projectDirPath = "";
			projectRoot = "";
			targets = (
				7937479C298D3F6E005C7280 /* TobemIpsum */,
			);
		};
/* End PBXProject section */

/* Begin PBXResourcesBuildPhase section */
		7937479B298D3F6E005C7280 /* Resources */ = {
			isa = PBXResourcesBuildPhase;
			buildActionMask = 2147483647;
			files = (
				793747A8298D3F6F005C7280 /* Preview Assets.xcassets in Resources */,
				793747BB298D3FDE005C7280 /* Assets.xcassets in Resources */,
			);
			runOnlyForDeploymentPostprocessing = 0;
		};
/* End PBXResourcesBuildPhase section */

/* Begin PBXSourcesBuildPhase section */
		79374799298D3F6E005C7280 /* Sources */ = {
			isa = PBXSourcesBuildPhase;
			buildActionMask = 2147483647;
			files = (
				793747BC298D3FDE005C7280 /* StringGenerator.swift in Sources */,
				793747A1298D3F6E005C7280 /* TobemIpsumApp.swift in Sources */,
				793747C1298D3FDE005C7280 /* Vocabulary.swift in Sources */,
				793747BF298D3FDE005C7280 /* DictionaryPicker.swift in Sources */,
				793747C0298D3FDE005C7280 /* InputView.swift in Sources */,
				793747BE298D3FDE005C7280 /* MainViewSwitcher.swift in Sources */,
				793747C2298D3FDE005C7280 /* EnumPicker.swift in Sources */,
				793747BD298D3FDE005C7280 /* OutputView.swift in Sources */,
			);
			runOnlyForDeploymentPostprocessing = 0;
		};
/* End PBXSourcesBuildPhase section */

/* Begin XCBuildConfiguration section */
		793747AA298D3F6F005C7280 /* Debug */ = {
			isa = XCBuildConfiguration;
			buildSettings = {
				ALWAYS_SEARCH_USER_PATHS = NO;
				CLANG_ANALYZER_NONNULL = YES;
				CLANG_ANALYZER_NUMBER_OBJECT_CONVERSION = YES_AGGRESSIVE;
				CLANG_CXX_LANGUAGE_STANDARD = "gnu++20";
				CLANG_ENABLE_MODULES = YES;
				CLANG_ENABLE_OBJC_ARC = YES;
				CLANG_ENABLE_OBJC_WEAK = YES;
				CLANG_WARN_BLOCK_CAPTURE_AUTORELEASING = YES;
				CLANG_WARN_BOOL_CONVERSION = YES;
				CLANG_WARN_COMMA = YES;
				CLANG_WARN_CONSTANT_CONVERSION = YES;
				CLANG_WARN_DEPRECATED_OBJC_IMPLEMENTATIONS = YES;
				CLANG_WARN_DIRECT_OBJC_ISA_USAGE = YES_ERROR;
				CLANG_WARN_DOCUMENTATION_COMMENTS = YES;
				CLANG_WARN_EMPTY_BODY = YES;
				CLANG_WARN_ENUM_CONVERSION = YES;
				CLANG_WARN_INFINITE_RECURSION = YES;
				CLANG_WARN_INT_CONVERSION = YES;
				CLANG_WARN_NON_LITERAL_NULL_CONVERSION = YES;
				CLANG_WARN_OBJC_IMPLICIT_RETAIN_SELF = YES;
				CLANG_WARN_OBJC_LITERAL_CONVERSION = YES;
				CLANG_WARN_OBJC_ROOT_CLASS = YES_ERROR;
				CLANG_WARN_QUOTED_INCLUDE_IN_FRAMEWORK_HEADER = YES;
				CLANG_WARN_RANGE_LOOP_ANALYSIS = YES;
				CLANG_WARN_STRICT_PROTOTYPES = YES;
				CLANG_WARN_SUSPICIOUS_MOVE = YES;
				CLANG_WARN_UNGUARDED_AVAILABILITY = YES_AGGRESSIVE;
				CLANG_WARN_UNREACHABLE_CODE = YES;
				CLANG_WARN__DUPLICATE_METHOD_MATCH = YES;
				COPY_PHASE_STRIP = NO;
				DEBUG_INFORMATION_FORMAT = dwarf;
				ENABLE_STRICT_OBJC_MSGSEND = YES;
				ENABLE_TESTABILITY = YES;
				GCC_C_LANGUAGE_STANDARD = gnu11;
				GCC_DYNAMIC_NO_PIC = NO;
				GCC_NO_COMMON_BLOCKS = YES;
				GCC_OPTIMIZATION_LEVEL = 0;
				GCC_PREPROCESSOR_DEFINITIONS = (
					"DEBUG=1",
					"$(inherited)",
				);
				GCC_WARN_64_TO_32_BIT_CONVERSION = YES;
				GCC_WARN_ABOUT_RETURN_TYPE = YES_ERROR;
				GCC_WARN_UNDECLARED_SELECTOR = YES;
				GCC_WARN_UNINITIALIZED_AUTOS = YES_AGGRESSIVE;
				GCC_WARN_UNUSED_FUNCTION = YES;
				GCC_WARN_UNUSED_VARIABLE = YES;
				MACOSX_DEPLOYMENT_TARGET = 13.0;
				MTL_ENABLE_DEBUG_INFO = INCLUDE_SOURCE;
				MTL_FAST_MATH = YES;
				ONLY_ACTIVE_ARCH = YES;
				SDKROOT = macosx;
				SWIFT_ACTIVE_COMPILATION_CONDITIONS = DEBUG;
				SWIFT_OPTIMIZATION_LEVEL = "-Onone";
			};
			name = Debug;
		};
		793747AB298D3F6F005C7280 /* Release */ = {
			isa = XCBuildConfiguration;
			buildSettings = {
				ALWAYS_SEARCH_USER_PATHS = NO;
				CLANG_ANALYZER_NONNULL = YES;
				CLANG_ANALYZER_NUMBER_OBJECT_CONVERSION = YES_AGGRESSIVE;
				CLANG_CXX_LANGUAGE_STANDARD = "gnu++20";
				CLANG_ENABLE_MODULES = YES;
				CLANG_ENABLE_OBJC_ARC = YES;
				CLANG_ENABLE_OBJC_WEAK = YES;
				CLANG_WARN_BLOCK_CAPTURE_AUTORELEASING = YES;
				CLANG_WARN_BOOL_CONVERSION = YES;
				CLANG_WARN_COMMA = YES;
				CLANG_WARN_CONSTANT_CONVERSION = YES;
				CLANG_WARN_DEPRECATED_OBJC_IMPLEMENTATIONS = YES;
				CLANG_WARN_DIRECT_OBJC_ISA_USAGE = YES_ERROR;
				CLANG_WARN_DOCUMENTATION_COMMENTS = YES;
				CLANG_WARN_EMPTY_BODY = YES;
				CLANG_WARN_ENUM_CONVERSION = YES;
				CLANG_WARN_INFINITE_RECURSION = YES;
				CLANG_WARN_INT_CONVERSION = YES;
				CLANG_WARN_NON_LITERAL_NULL_CONVERSION = YES;
				CLANG_WARN_OBJC_IMPLICIT_RETAIN_SELF = YES;
				CLANG_WARN_OBJC_LITERAL_CONVERSION = YES;
				CLANG_WARN_OBJC_ROOT_CLASS = YES_ERROR;
				CLANG_WARN_QUOTED_INCLUDE_IN_FRAMEWORK_HEADER = YES;
				CLANG_WARN_RANGE_LOOP_ANALYSIS = YES;
				CLANG_WARN_STRICT_PROTOTYPES = YES;
				CLANG_WARN_SUSPICIOUS_MOVE = YES;
				CLANG_WARN_UNGUARDED_AVAILABILITY = YES_AGGRESSIVE;
				CLANG_WARN_UNREACHABLE_CODE = YES;
				CLANG_WARN__DUPLICATE_METHOD_MATCH = YES;
				COPY_PHASE_STRIP = NO;
				DEBUG_INFORMATION_FORMAT = "dwarf-with-dsym";
				ENABLE_NS_ASSERTIONS = NO;
				ENABLE_STRICT_OBJC_MSGSEND = YES;
				GCC_C_LANGUAGE_STANDARD = gnu11;
				GCC_NO_COMMON_BLOCKS = YES;
				GCC_WARN_64_TO_32_BIT_CONVERSION = YES;
				GCC_WARN_ABOUT_RETURN_TYPE = YES_ERROR;
				GCC_WARN_UNDECLARED_SELECTOR = YES;
				GCC_WARN_UNINITIALIZED_AUTOS = YES_AGGRESSIVE;
				GCC_WARN_UNUSED_FUNCTION = YES;
				GCC_WARN_UNUSED_VARIABLE = YES;
				MACOSX_DEPLOYMENT_TARGET = 13.0;
				MTL_ENABLE_DEBUG_INFO = NO;
				MTL_FAST_MATH = YES;
				SDKROOT = macosx;
				SWIFT_COMPILATION_MODE = wholemodule;
				SWIFT_OPTIMIZATION_LEVEL = "-O";
			};
			name = Release;
		};
		793747AD298D3F6F005C7280 /* Debug */ = {
			isa = XCBuildConfiguration;
			buildSettings = {
				ASSETCATALOG_COMPILER_APPICON_NAME = AppIcon;
				ASSETCATALOG_COMPILER_GLOBAL_ACCENT_COLOR_NAME = AccentColor;
				CODE_SIGN_ENTITLEMENTS = TobemIpsum/TobemIpsum.entitlements;
				CODE_SIGN_STYLE = Automatic;
				COMBINE_HIDPI_IMAGES = YES;
				CURRENT_PROJECT_VERSION = 1;
				DEVELOPMENT_ASSET_PATHS = "\"TobemIpsum/Preview Content\"";
				DEVELOPMENT_TEAM = L2BC5TCSR5;
				ENABLE_HARDENED_RUNTIME = YES;
				ENABLE_PREVIEWS = YES;
				GENERATE_INFOPLIST_FILE = YES;
				INFOPLIST_KEY_LSUIElement = YES;
				INFOPLIST_KEY_NSHumanReadableCopyright = "";
				LD_RUNPATH_SEARCH_PATHS = (
					"$(inherited)",
					"@executable_path/../Frameworks",
				);
				MARKETING_VERSION = 1.0;
				PRODUCT_BUNDLE_IDENTIFIER = com.tarrask.TobemIpsum;
				PRODUCT_NAME = "$(TARGET_NAME)";
				SWIFT_EMIT_LOC_STRINGS = YES;
				SWIFT_VERSION = 5.0;
			};
			name = Debug;
		};
		793747AE298D3F6F005C7280 /* Release */ = {
			isa = XCBuildConfiguration;
			buildSettings = {
				ASSETCATALOG_COMPILER_APPICON_NAME = AppIcon;
				ASSETCATALOG_COMPILER_GLOBAL_ACCENT_COLOR_NAME = AccentColor;
				CODE_SIGN_ENTITLEMENTS = TobemIpsum/TobemIpsum.entitlements;
				CODE_SIGN_STYLE = Automatic;
				COMBINE_HIDPI_IMAGES = YES;
				CURRENT_PROJECT_VERSION = 1;
				DEVELOPMENT_ASSET_PATHS = "\"TobemIpsum/Preview Content\"";
				DEVELOPMENT_TEAM = L2BC5TCSR5;
				ENABLE_HARDENED_RUNTIME = YES;
				ENABLE_PREVIEWS = YES;
				GENERATE_INFOPLIST_FILE = YES;
				INFOPLIST_KEY_LSUIElement = YES;
				INFOPLIST_KEY_NSHumanReadableCopyright = "";
				LD_RUNPATH_SEARCH_PATHS = (
					"$(inherited)",
					"@executable_path/../Frameworks",
				);
				MARKETING_VERSION = 1.0;
				PRODUCT_BUNDLE_IDENTIFIER = com.tarrask.TobemIpsum;
				PRODUCT_NAME = "$(TARGET_NAME)";
				SWIFT_EMIT_LOC_STRINGS = YES;
				SWIFT_VERSION = 5.0;
			};
			name = Release;
		};
/* End XCBuildConfiguration section */

/* Begin XCConfigurationList section */
		79374798298D3F6E005C7280 /* Build configuration list for PBXProject "TobemIpsum" */ = {
			isa = XCConfigurationList;
			buildConfigurations = (
				793747AA298D3F6F005C7280 /* Debug */,
				793747AB298D3F6F005C7280 /* Release */,
			);
			defaultConfigurationIsVisible = 0;
			defaultConfigurationName = Release;
		};
		793747AC298D3F6F005C7280 /* Build configuration list for PBXNativeTarget "TobemIpsum" */ = {
			isa = XCConfigurationList;
			buildConfigurations = (
				793747AD298D3F6F005C7280 /* Debug */,
				793747AE298D3F6F005C7280 /* Release */,
			);
			defaultConfigurationIsVisible = 0;
			defaultConfigurationName = Release;
		};
/* End XCConfigurationList section */
	};
	rootObject = 79374795298D3F6E005C7280 /* Project object */;
}
